
Microsoft Visual Studio Solution File, Format Version 12.00
# Visual Studio Version 16
VisualStudioVersion = 16.0.30907.101
MinimumVisualStudioVersion = 10.0.40219.1
Project("{F184B08F-C81C-45F6-A57F-5ABD9991F28F}") = "WebSocketClientTest", "WebSocketClientTest.vbproj", "{7FF06283-9564-4FBB-8499-112159E72A99}"
EndProject
Global
	GlobalSection(SolutionConfigurationPlatforms) = preSolution
		Debug|Any CPU = Debug|Any CPU
		Release|Any CPU = Release|Any CPU
	EndGlobalSection
	GlobalSection(ProjectConfigurationPlatforms) = postSolution
		{7FF06283-9564-4FBB-8499-112159E72A99}.Debug|Any CPU.ActiveCfg = Debug|Any CPU
		{7FF06283-9564-4FBB-8499-112159E72A99}.Debug|Any CPU.Build.0 = Debug|Any CPU
		{7FF06283-9564-4FBB-8499-112159E72A99}.Release|Any CPU.ActiveCfg = Release|Any CPU
		{7FF06283-9564-4FBB-8499-112159E72A99}.Release|Any CPU.Build.0 = Release|Any CPU
	EndGlobalSection
	GlobalSection(SolutionProperties) = preSolution
		HideSolutionNode = FALSE
	EndGlobalSection
	GlobalSection(ExtensibilityGlobals) = postSolution
		SolutionGuid = {558440A2-4B37-4566-A6A0-82FAA914DBCF}
	EndGlobalSection
EndGlobal
