
Microsoft Visual Studio Solution File, Format Version 12.00
# Visual Studio 15
VisualStudioVersion = 15.0.28307.271
MinimumVisualStudioVersion = 10.0.40219.1
Project("{FAE04EC0-301F-11D3-BF4B-00C04F79EFBC}") = "WebClientToolByWinForm", "WebClientToolByWinForm\WebClientToolByWinForm.csproj", "{5B8E231D-5FCB-451E-B0C8-EA2714419072}"
EndProject
Global
	GlobalSection(SolutionConfigurationPlatforms) = preSolution
		Debug|Any CPU = Debug|Any CPU
		Release|Any CPU = Release|Any CPU
	EndGlobalSection
	GlobalSection(ProjectConfigurationPlatforms) = postSolution
		{5B8E231D-5FCB-451E-B0C8-EA2714419072}.Debug|Any CPU.ActiveCfg = Debug|Any CPU
		{5B8E231D-5FCB-451E-B0C8-EA2714419072}.Debug|Any CPU.Build.0 = Debug|Any CPU
		{5B8E231D-5FCB-451E-B0C8-EA2714419072}.Release|Any CPU.ActiveCfg = Release|Any CPU
		{5B8E231D-5FCB-451E-B0C8-EA2714419072}.Release|Any CPU.Build.0 = Release|Any CPU
	EndGlobalSection
	GlobalSection(SolutionProperties) = preSolution
		HideSolutionNode = FALSE
	EndGlobalSection
	GlobalSection(ExtensibilityGlobals) = postSolution
		SolutionGuid = {8DCFF247-E5BF-4020-AF22-A50100F94376}
	EndGlobalSection
EndGlobal
