
Microsoft Visual Studio Solution File, Format Version 12.00
# Visual Studio Version 16
VisualStudioVersion = 16.0.30907.101
MinimumVisualStudioVersion = 10.0.40219.1
Project("{F184B08F-C81C-45F6-A57F-5ABD9991F28F}") = "DoNetDrive.Test.TCPClient", "DoNetDrive.Test.TCPClient\DoNetDrive.Test.TCPClient.vbproj", "{32EE91BA-6917-46AA-B114-63BD40E5E89C}"
EndProject
Global
	GlobalSection(SolutionConfigurationPlatforms) = preSolution
		Debug|Any CPU = Debug|Any CPU
		Release|Any CPU = Release|Any CPU
	EndGlobalSection
	GlobalSection(ProjectConfigurationPlatforms) = postSolution
		{32EE91BA-6917-46AA-B114-63BD40E5E89C}.Debug|Any CPU.ActiveCfg = Debug|Any CPU
		{32EE91BA-6917-46AA-B114-63BD40E5E89C}.Debug|Any CPU.Build.0 = Debug|Any CPU
		{32EE91BA-6917-46AA-B114-63BD40E5E89C}.Release|Any CPU.ActiveCfg = Release|Any CPU
		{32EE91BA-6917-46AA-B114-63BD40E5E89C}.Release|Any CPU.Build.0 = Release|Any CPU
	EndGlobalSection
	GlobalSection(SolutionProperties) = preSolution
		HideSolutionNode = FALSE
	EndGlobalSection
	GlobalSection(ExtensibilityGlobals) = postSolution
		SolutionGuid = {9B81EAAC-DCE2-41C8-A8A0-07616FAA811B}
	EndGlobalSection
EndGlobal
